// !$*UTF8*$!
{
	archiveVersion = 1;
	classes = {
	};
	objectVersion = 55;
	objects = {

/* Begin PBXBuildFile section */
		2C189E4D27C76AE300CBC10C /* swift_ui_tutorialApp.swift in Sources */ = {isa = PBXBuildFile; fileRef = 2C189E3D27C76AE200CBC10C /* swift_ui_tutorialApp.swift */; };
		2C189E4E27C76AE300CBC10C /* swift_ui_tutorialApp.swift in Sources */ = {isa = PBXBuildFile; fileRef = 2C189E3D27C76AE200CBC10C /* swift_ui_tutorialApp.swift */; };
		2C189E4F27C76AE300CBC10C /* ContentView.swift in Sources */ = {isa = PBXBuildFile; fileRef = 2C189E3E27C76AE200CBC10C /* ContentView.swift */; };
		2C189E5027C76AE300CBC10C /* ContentView.swift in Sources */ = {isa = PBXBuildFile; fileRef = 2C189E3E27C76AE200CBC10C /* ContentView.swift */; };
		2C189E5127C76AE300CBC10C /* Assets.xcassets in Resources */ = {isa = PBXBuildFile; fileRef = 2C189E3F27C76AE300CBC10C /* Assets.xcassets */; };
		2C189E5227C76AE300CBC10C /* Assets.xcassets in Resources */ = {isa = PBXBuildFile; fileRef = 2C189E3F27C76AE300CBC10C /* Assets.xcassets */; };
		2C189E5C27C76DA400CBC10C /* CircleImage.swift in Sources */ = {isa = PBXBuildFile; fileRef = 2C189E5B27C76DA400CBC10C /* CircleImage.swift */; };
		2C189E5D27C76DA400CBC10C /* CircleImage.swift in Sources */ = {isa = PBXBuildFile; fileRef = 2C189E5B27C76DA400CBC10C /* CircleImage.swift */; };
		2C189E5F27C76E7200CBC10C /* MapView.swift in Sources */ = {isa = PBXBuildFile; fileRef = 2C189E5E27C76E7200CBC10C /* MapView.swift */; };
		2C189E6027C76E7200CBC10C /* MapView.swift in Sources */ = {isa = PBXBuildFile; fileRef = 2C189E5E27C76E7200CBC10C /* MapView.swift */; };
		2C4A126B27C77569003BB099 /* landmarkData.json in Resources */ = {isa = PBXBuildFile; fileRef = 2C4A126A27C77569003BB099 /* landmarkData.json */; };
		2C4A126F27C77599003BB099 /* Landmark.swift in Sources */ = {isa = PBXBuildFile; fileRef = 2C4A126E27C77599003BB099 /* Landmark.swift */; };
		2C8D1B9127C8B65400DC3099 /* FavoriteButton.swift in Sources */ = {isa = PBXBuildFile; fileRef = 2C8D1B9027C8B65400DC3099 /* FavoriteButton.swift */; };
		2C8D1B9227C8B65400DC3099 /* FavoriteButton.swift in Sources */ = {isa = PBXBuildFile; fileRef = 2C8D1B9027C8B65400DC3099 /* FavoriteButton.swift */; };
		2CAB3B9B27CB425400E9A4AA /* HexagonParameters.swift in Sources */ = {isa = PBXBuildFile; fileRef = 2CAB3B9A27CB425400E9A4AA /* HexagonParameters.swift */; };
		2CAB3B9C27CB425400E9A4AA /* HexagonParameters.swift in Sources */ = {isa = PBXBuildFile; fileRef = 2CAB3B9A27CB425400E9A4AA /* HexagonParameters.swift */; };
		2CAB3BA127CB44CB00E9A4AA /* BadgeBackground.swift in Sources */ = {isa = PBXBuildFile; fileRef = 2CAB3BA027CB44CB00E9A4AA /* BadgeBackground.swift */; };
		2CAB3BA227CB44CB00E9A4AA /* BadgeBackground.swift in Sources */ = {isa = PBXBuildFile; fileRef = 2CAB3BA027CB44CB00E9A4AA /* BadgeBackground.swift */; };
		2CD24D4227C77CCE009B1D96 /* LandmarkList.swift in Sources */ = {isa = PBXBuildFile; fileRef = 2CD24D4127C77CCE009B1D96 /* LandmarkList.swift */; };
		2CD24D4327C77CCE009B1D96 /* LandmarkList.swift in Sources */ = {isa = PBXBuildFile; fileRef = 2CD24D4127C77CCE009B1D96 /* LandmarkList.swift */; };
		2CD24D4527C77DFE009B1D96 /* LandmarkDetail.swift in Sources */ = {isa = PBXBuildFile; fileRef = 2CD24D4427C77DFE009B1D96 /* LandmarkDetail.swift */; };
		2CD24D4627C77DFE009B1D96 /* LandmarkDetail.swift in Sources */ = {isa = PBXBuildFile; fileRef = 2CD24D4427C77DFE009B1D96 /* LandmarkDetail.swift */; };
		2CFDF7A427C7774F001ED57A /* ModelData.swift in Sources */ = {isa = PBXBuildFile; fileRef = 2CFDF7A327C7774F001ED57A /* ModelData.swift */; };
		2CFDF7A527C7774F001ED57A /* ModelData.swift in Sources */ = {isa = PBXBuildFile; fileRef = 2CFDF7A327C7774F001ED57A /* ModelData.swift */; };
		2CFDF7AC27C77A85001ED57A /* LandmarkRow.swift in Sources */ = {isa = PBXBuildFile; fileRef = 2CFDF7AB27C77A85001ED57A /* LandmarkRow.swift */; };
		2CFDF7AD27C77A85001ED57A /* LandmarkRow.swift in Sources */ = {isa = PBXBuildFile; fileRef = 2CFDF7AB27C77A85001ED57A /* LandmarkRow.swift */; };
/* End PBXBuildFile section */

/* Begin PBXFileReference section */
		2C189E3D27C76AE200CBC10C /* swift_ui_tutorialApp.swift */ = {isa = PBXFileReference; lastKnownFileType = sourcecode.swift; path = swift_ui_tutorialApp.swift; sourceTree = "<group>"; };
		2C189E3E27C76AE200CBC10C /* ContentView.swift */ = {isa = PBXFileReference; lastKnownFileType = sourcecode.swift; path = ContentView.swift; sourceTree = "<group>"; };
		2C189E3F27C76AE300CBC10C /* Assets.xcassets */ = {isa = PBXFileReference; lastKnownFileType = folder.assetcatalog; path = Assets.xcassets; sourceTree = "<group>"; };
		2C189E4427C76AE300CBC10C /* swift-ui-tutorial.app */ = {isa = PBXFileReference; explicitFileType = wrapper.application; includeInIndex = 0; path = "swift-ui-tutorial.app"; sourceTree = BUILT_PRODUCTS_DIR; };
		2C189E4A27C76AE300CBC10C /* swift-ui-tutorial.app */ = {isa = PBXFileReference; explicitFileType = wrapper.application; includeInIndex = 0; path = "swift-ui-tutorial.app"; sourceTree = BUILT_PRODUCTS_DIR; };
		2C189E5B27C76DA400CBC10C /* CircleImage.swift */ = {isa = PBXFileReference; lastKnownFileType = sourcecode.swift; path = CircleImage.swift; sourceTree = "<group>"; };
		2C189E5E27C76E7200CBC10C /* MapView.swift */ = {isa = PBXFileReference; lastKnownFileType = sourcecode.swift; path = MapView.swift; sourceTree = "<group>"; };
		2C4A126A27C77569003BB099 /* landmarkData.json */ = {isa = PBXFileReference; fileEncoding = 4; lastKnownFileType = text.json; path = landmarkData.json; sourceTree = "<group>"; };
		2C4A126E27C77599003BB099 /* Landmark.swift */ = {isa = PBXFileReference; lastKnownFileType = sourcecode.swift; path = Landmark.swift; sourceTree = "<group>"; };
		2C8D1B9027C8B65400DC3099 /* FavoriteButton.swift */ = {isa = PBXFileReference; lastKnownFileType = sourcecode.swift; path = FavoriteButton.swift; sourceTree = "<group>"; };
		2CAB3B9A27CB425400E9A4AA /* HexagonParameters.swift */ = {isa = PBXFileReference; lastKnownFileType = sourcecode.swift; path = HexagonParameters.swift; sourceTree = "<group>"; };
		2CAB3BA027CB44CB00E9A4AA /* BadgeBackground.swift */ = {isa = PBXFileReference; lastKnownFileType = sourcecode.swift; path = BadgeBackground.swift; sourceTree = "<group>"; };
		2CD24D4127C77CCE009B1D96 /* LandmarkList.swift */ = {isa = PBXFileReference; lastKnownFileType = sourcecode.swift; path = LandmarkList.swift; sourceTree = "<group>"; };
		2CD24D4427C77DFE009B1D96 /* LandmarkDetail.swift */ = {isa = PBXFileReference; lastKnownFileType = sourcecode.swift; path = LandmarkDetail.swift; sourceTree = "<group>"; };
		2CFDF7A327C7774F001ED57A /* ModelData.swift */ = {isa = PBXFileReference; lastKnownFileType = sourcecode.swift; path = ModelData.swift; sourceTree = "<group>"; };
		2CFDF7AB27C77A85001ED57A /* LandmarkRow.swift */ = {isa = PBXFileReference; lastKnownFileType = sourcecode.swift; path = LandmarkRow.swift; sourceTree = "<group>"; };
/* End PBXFileReference section */

/* Begin PBXFrameworksBuildPhase section */
		2C189E4127C76AE300CBC10C /* Frameworks */ = {
			isa = PBXFrameworksBuildPhase;
			buildActionMask = 2147483647;
			files = (
			);
			runOnlyForDeploymentPostprocessing = 0;
		};
		2C189E4727C76AE300CBC10C /* Frameworks */ = {
			isa = PBXFrameworksBuildPhase;
			buildActionMask = 2147483647;
			files = (
			);
			runOnlyForDeploymentPostprocessing = 0;
		};
/* End PBXFrameworksBuildPhase section */

/* Begin PBXGroup section */
		2C189E3727C76AE100CBC10C = {
			isa = PBXGroup;
			children = (
				2CFDF7A627C7795F001ED57A /* Landmarks */,
				2C189E4527C76AE300CBC10C /* Products */,
			);
			sourceTree = "<group>";
		};
		2C189E4527C76AE300CBC10C /* Products */ = {
			isa = PBXGroup;
			children = (
				2C189E4427C76AE300CBC10C /* swift-ui-tutorial.app */,
				2C189E4A27C76AE300CBC10C /* swift-ui-tutorial.app */,
			);
			name = Products;
			sourceTree = "<group>";
		};
		2C8D1B9327C8B70C00DC3099 /* Landmarks */ = {
			isa = PBXGroup;
			children = (
				2CAB3B9A27CB425400E9A4AA /* HexagonParameters.swift */,
				2CFDF7AB27C77A85001ED57A /* LandmarkRow.swift */,
				2CD24D4127C77CCE009B1D96 /* LandmarkList.swift */,
				2CD24D4427C77DFE009B1D96 /* LandmarkDetail.swift */,
				2CAB3BA027CB44CB00E9A4AA /* BadgeBackground.swift */,
			);
			path = Landmarks;
			sourceTree = "<group>";
		};
		2C8D1B9427C8B71900DC3099 /* Helpers */ = {
			isa = PBXGroup;
			children = (
				2C189E5B27C76DA400CBC10C /* CircleImage.swift */,
				2C189E5E27C76E7200CBC10C /* MapView.swift */,
				2C8D1B9027C8B65400DC3099 /* FavoriteButton.swift */,
			);
			path = Helpers;
			sourceTree = "<group>";
		};
		2CFDF7A627C7795F001ED57A /* Landmarks */ = {
			isa = PBXGroup;
			children = (
				2C189E3D27C76AE200CBC10C /* swift_ui_tutorialApp.swift */,
				2CFDF7A827C7798B001ED57A /* Views */,
				2CFDF7A927C779AF001ED57A /* Model */,
				2CFDF7AA27C779CE001ED57A /* Resources */,
				2C189E3F27C76AE300CBC10C /* Assets.xcassets */,
			);
			path = Landmarks;
			sourceTree = "<group>";
		};
		2CFDF7A827C7798B001ED57A /* Views */ = {
			isa = PBXGroup;
			children = (
				2C189E3E27C76AE200CBC10C /* ContentView.swift */,
				2C8D1B9427C8B71900DC3099 /* Helpers */,
				2C8D1B9327C8B70C00DC3099 /* Landmarks */,
			);
			path = Views;
			sourceTree = "<group>";
		};
		2CFDF7A927C779AF001ED57A /* Model */ = {
			isa = PBXGroup;
			children = (
				2C4A126E27C77599003BB099 /* Landmark.swift */,
				2CFDF7A327C7774F001ED57A /* ModelData.swift */,
			);
			path = Model;
			sourceTree = "<group>";
		};
		2CFDF7AA27C779CE001ED57A /* Resources */ = {
			isa = PBXGroup;
			children = (
				2C4A126A27C77569003BB099 /* landmarkData.json */,
			);
			path = Resources;
			sourceTree = "<group>";
		};
/* End PBXGroup section */

/* Begin PBXNativeTarget section */
		2C189E4327C76AE300CBC10C /* swift-ui-tutorial (iOS) */ = {
			isa = PBXNativeTarget;
			buildConfigurationList = 2C189E5527C76AE300CBC10C /* Build configuration list for PBXNativeTarget "swift-ui-tutorial (iOS)" */;
			buildPhases = (
				2C189E4027C76AE300CBC10C /* Sources */,
				2C189E4127C76AE300CBC10C /* Frameworks */,
				2C189E4227C76AE300CBC10C /* Resources */,
			);
			buildRules = (
			);
			dependencies = (
			);
			name = "swift-ui-tutorial (iOS)";
			productName = "swift-ui-tutorial (iOS)";
			productReference = 2C189E4427C76AE300CBC10C /* swift-ui-tutorial.app */;
			productType = "com.apple.product-type.application";
		};
		2C189E4927C76AE300CBC10C /* swift-ui-tutorial (macOS) */ = {
			isa = PBXNativeTarget;
			buildConfigurationList = 2C189E5827C76AE300CBC10C /* Build configuration list for PBXNativeTarget "swift-ui-tutorial (macOS)" */;
			buildPhases = (
				2C189E4627C76AE300CBC10C /* Sources */,
				2C189E4727C76AE300CBC10C /* Frameworks */,
				2C189E4827C76AE300CBC10C /* Resources */,
			);
			buildRules = (
			);
			dependencies = (
			);
			name = "swift-ui-tutorial (macOS)";
			productName = "swift-ui-tutorial (macOS)";
			productReference = 2C189E4A27C76AE300CBC10C /* swift-ui-tutorial.app */;
			productType = "com.apple.product-type.application";
		};
/* End PBXNativeTarget section */

/* Begin PBXProject section */
		2C189E3827C76AE100CBC10C /* Project object */ = {
			isa = PBXProject;
			attributes = {
				BuildIndependentTargetsInParallel = 1;
				LastSwiftUpdateCheck = 1320;
				LastUpgradeCheck = 1320;
				TargetAttributes = {
					2C189E4327C76AE300CBC10C = {
						CreatedOnToolsVersion = 13.2.1;
					};
					2C189E4927C76AE300CBC10C = {
						CreatedOnToolsVersion = 13.2.1;
					};
				};
			};
			buildConfigurationList = 2C189E3B27C76AE100CBC10C /* Build configuration list for PBXProject "swift-ui-tutorial" */;
			compatibilityVersion = "Xcode 13.0";
			developmentRegion = en;
			hasScannedForEncodings = 0;
			knownRegions = (
				en,
				Base,
			);
			mainGroup = 2C189E3727C76AE100CBC10C;
			productRefGroup = 2C189E4527C76AE300CBC10C /* Products */;
			projectDirPath = "";
			projectRoot = "";
			targets = (
				2C189E4327C76AE300CBC10C /* swift-ui-tutorial (iOS) */,
				2C189E4927C76AE300CBC10C /* swift-ui-tutorial (macOS) */,
			);
		};
/* End PBXProject section */

/* Begin PBXResourcesBuildPhase section */
		2C189E4227C76AE300CBC10C /* Resources */ = {
			isa = PBXResourcesBuildPhase;
			buildActionMask = 2147483647;
			files = (
				2C189E5127C76AE300CBC10C /* Assets.xcassets in Resources */,
				2C4A126B27C77569003BB099 /* landmarkData.json in Resources */,
			);
			runOnlyForDeploymentPostprocessing = 0;
		};
		2C189E4827C76AE300CBC10C /* Resources */ = {
			isa = PBXResourcesBuildPhase;
			buildActionMask = 2147483647;
			files = (
				2C189E5227C76AE300CBC10C /* Assets.xcassets in Resources */,
			);
			runOnlyForDeploymentPostprocessing = 0;
		};
/* End PBXResourcesBuildPhase section */

/* Begin PBXSourcesBuildPhase section */
		2C189E4027C76AE300CBC10C /* Sources */ = {
			isa = PBXSourcesBuildPhase;
			buildActionMask = 2147483647;
			files = (
				2C189E4F27C76AE300CBC10C /* ContentView.swift in Sources */,
				2C189E5F27C76E7200CBC10C /* MapView.swift in Sources */,
				2C189E4D27C76AE300CBC10C /* swift_ui_tutorialApp.swift in Sources */,
				2C8D1B9127C8B65400DC3099 /* FavoriteButton.swift in Sources */,
				2CAB3B9B27CB425400E9A4AA /* HexagonParameters.swift in Sources */,
				2CD24D4227C77CCE009B1D96 /* LandmarkList.swift in Sources */,
				2CD24D4527C77DFE009B1D96 /* LandmarkDetail.swift in Sources */,
				2CAB3BA127CB44CB00E9A4AA /* BadgeBackground.swift in Sources */,
				2C189E5C27C76DA400CBC10C /* CircleImage.swift in Sources */,
				2C4A126F27C77599003BB099 /* Landmark.swift in Sources */,
				2CFDF7AC27C77A85001ED57A /* LandmarkRow.swift in Sources */,
				2CFDF7A427C7774F001ED57A /* ModelData.swift in Sources */,
			);
			runOnlyForDeploymentPostprocessing = 0;
		};
		2C189E4627C76AE300CBC10C /* Sources */ = {
			isa = PBXSourcesBuildPhase;
			buildActionMask = 2147483647;
			files = (
				2CAB3B9C27CB425400E9A4AA /* HexagonParameters.swift in Sources */,
				2C189E5027C76AE300CBC10C /* ContentView.swift in Sources */,
				2C189E6027C76E7200CBC10C /* MapView.swift in Sources */,
				2CFDF7AD27C77A85001ED57A /* LandmarkRow.swift in Sources */,
				2C8D1B9227C8B65400DC3099 /* FavoriteButton.swift in Sources */,
				2CD24D4327C77CCE009B1D96 /* LandmarkList.swift in Sources */,
				2CAB3BA227CB44CB00E9A4AA /* BadgeBackground.swift in Sources */,
				2CD24D4627C77DFE009B1D96 /* LandmarkDetail.swift in Sources */,
				2CFDF7A527C7774F001ED57A /* ModelData.swift in Sources */,
				2C189E4E27C76AE300CBC10C /* swift_ui_tutorialApp.swift in Sources */,
				2C189E5D27C76DA400CBC10C /* CircleImage.swift in Sources */,
			);
			runOnlyForDeploymentPostprocessing = 0;
		};
/* End PBXSourcesBuildPhase section */

/* Begin XCBuildConfiguration section */
		2C189E5327C76AE300CBC10C /* Debug */ = {
			isa = XCBuildConfiguration;
			buildSettings = {
				ALWAYS_SEARCH_USER_PATHS = NO;
				CLANG_ANALYZER_NONNULL = YES;
				CLANG_ANALYZER_NUMBER_OBJECT_CONVERSION = YES_AGGRESSIVE;
				CLANG_CXX_LANGUAGE_STANDARD = "gnu++17";
				CLANG_CXX_LIBRARY = "libc++";
				CLANG_ENABLE_MODULES = YES;
				CLANG_ENABLE_OBJC_ARC = YES;
				CLANG_ENABLE_OBJC_WEAK = YES;
				CLANG_WARN_BLOCK_CAPTURE_AUTORELEASING = YES;
				CLANG_WARN_BOOL_CONVERSION = YES;
				CLANG_WARN_COMMA = YES;
				CLANG_WARN_CONSTANT_CONVERSION = YES;
				CLANG_WARN_DEPRECATED_OBJC_IMPLEMENTATIONS = YES;
				CLANG_WARN_DIRECT_OBJC_ISA_USAGE = YES_ERROR;
				CLANG_WARN_DOCUMENTATION_COMMENTS = YES;
				CLANG_WARN_EMPTY_BODY = YES;
				CLANG_WARN_ENUM_CONVERSION = YES;
				CLANG_WARN_INFINITE_RECURSION = YES;
				CLANG_WARN_INT_CONVERSION = YES;
				CLANG_WARN_NON_LITERAL_NULL_CONVERSION = YES;
				CLANG_WARN_OBJC_IMPLICIT_RETAIN_SELF = YES;
				CLANG_WARN_OBJC_LITERAL_CONVERSION = YES;
				CLANG_WARN_OBJC_ROOT_CLASS = YES_ERROR;
				CLANG_WARN_QUOTED_INCLUDE_IN_FRAMEWORK_HEADER = YES;
				CLANG_WARN_RANGE_LOOP_ANALYSIS = YES;
				CLANG_WARN_STRICT_PROTOTYPES = YES;
				CLANG_WARN_SUSPICIOUS_MOVE = YES;
				CLANG_WARN_UNGUARDED_AVAILABILITY = YES_AGGRESSIVE;
				CLANG_WARN_UNREACHABLE_CODE = YES;
				CLANG_WARN__DUPLICATE_METHOD_MATCH = YES;
				COPY_PHASE_STRIP = NO;
				DEBUG_INFORMATION_FORMAT = dwarf;
				ENABLE_STRICT_OBJC_MSGSEND = YES;
				ENABLE_TESTABILITY = YES;
				GCC_C_LANGUAGE_STANDARD = gnu11;
				GCC_DYNAMIC_NO_PIC = NO;
				GCC_NO_COMMON_BLOCKS = YES;
				GCC_OPTIMIZATION_LEVEL = 0;
				GCC_PREPROCESSOR_DEFINITIONS = (
					"DEBUG=1",
					"$(inherited)",
				);
				GCC_WARN_64_TO_32_BIT_CONVERSION = YES;
				GCC_WARN_ABOUT_RETURN_TYPE = YES_ERROR;
				GCC_WARN_UNDECLARED_SELECTOR = YES;
				GCC_WARN_UNINITIALIZED_AUTOS = YES_AGGRESSIVE;
				GCC_WARN_UNUSED_FUNCTION = YES;
				GCC_WARN_UNUSED_VARIABLE = YES;
				MTL_ENABLE_DEBUG_INFO = INCLUDE_SOURCE;
				MTL_FAST_MATH = YES;
				ONLY_ACTIVE_ARCH = YES;
				SWIFT_ACTIVE_COMPILATION_CONDITIONS = DEBUG;
				SWIFT_OPTIMIZATION_LEVEL = "-Onone";
			};
			name = Debug;
		};
		2C189E5427C76AE300CBC10C /* Release */ = {
			isa = XCBuildConfiguration;
			buildSettings = {
				ALWAYS_SEARCH_USER_PATHS = NO;
				CLANG_ANALYZER_NONNULL = YES;
				CLANG_ANALYZER_NUMBER_OBJECT_CONVERSION = YES_AGGRESSIVE;
				CLANG_CXX_LANGUAGE_STANDARD = "gnu++17";
				CLANG_CXX_LIBRARY = "libc++";
				CLANG_ENABLE_MODULES = YES;
				CLANG_ENABLE_OBJC_ARC = YES;
				CLANG_ENABLE_OBJC_WEAK = YES;
				CLANG_WARN_BLOCK_CAPTURE_AUTORELEASING = YES;
				CLANG_WARN_BOOL_CONVERSION = YES;
				CLANG_WARN_COMMA = YES;
				CLANG_WARN_CONSTANT_CONVERSION = YES;
				CLANG_WARN_DEPRECATED_OBJC_IMPLEMENTATIONS = YES;
				CLANG_WARN_DIRECT_OBJC_ISA_USAGE = YES_ERROR;
				CLANG_WARN_DOCUMENTATION_COMMENTS = YES;
				CLANG_WARN_EMPTY_BODY = YES;
				CLANG_WARN_ENUM_CONVERSION = YES;
				CLANG_WARN_INFINITE_RECURSION = YES;
				CLANG_WARN_INT_CONVERSION = YES;
				CLANG_WARN_NON_LITERAL_NULL_CONVERSION = YES;
				CLANG_WARN_OBJC_IMPLICIT_RETAIN_SELF = YES;
				CLANG_WARN_OBJC_LITERAL_CONVERSION = YES;
				CLANG_WARN_OBJC_ROOT_CLASS = YES_ERROR;
				CLANG_WARN_QUOTED_INCLUDE_IN_FRAMEWORK_HEADER = YES;
				CLANG_WARN_RANGE_LOOP_ANALYSIS = YES;
				CLANG_WARN_STRICT_PROTOTYPES = YES;
				CLANG_WARN_SUSPICIOUS_MOVE = YES;
				CLANG_WARN_UNGUARDED_AVAILABILITY = YES_AGGRESSIVE;
				CLANG_WARN_UNREACHABLE_CODE = YES;
				CLANG_WARN__DUPLICATE_METHOD_MATCH = YES;
				COPY_PHASE_STRIP = NO;
				DEBUG_INFORMATION_FORMAT = "dwarf-with-dsym";
				ENABLE_NS_ASSERTIONS = NO;
				ENABLE_STRICT_OBJC_MSGSEND = YES;
				GCC_C_LANGUAGE_STANDARD = gnu11;
				GCC_NO_COMMON_BLOCKS = YES;
				GCC_WARN_64_TO_32_BIT_CONVERSION = YES;
				GCC_WARN_ABOUT_RETURN_TYPE = YES_ERROR;
				GCC_WARN_UNDECLARED_SELECTOR = YES;
				GCC_WARN_UNINITIALIZED_AUTOS = YES_AGGRESSIVE;
				GCC_WARN_UNUSED_FUNCTION = YES;
				GCC_WARN_UNUSED_VARIABLE = YES;
				MTL_ENABLE_DEBUG_INFO = NO;
				MTL_FAST_MATH = YES;
				SWIFT_COMPILATION_MODE = wholemodule;
				SWIFT_OPTIMIZATION_LEVEL = "-O";
			};
			name = Release;
		};
		2C189E5627C76AE300CBC10C /* Debug */ = {
			isa = XCBuildConfiguration;
			buildSettings = {
				ASSETCATALOG_COMPILER_APPICON_NAME = AppIcon;
				ASSETCATALOG_COMPILER_GLOBAL_ACCENT_COLOR_NAME = AccentColor;
				CODE_SIGN_STYLE = Automatic;
				CURRENT_PROJECT_VERSION = 1;
				ENABLE_PREVIEWS = YES;
				GENERATE_INFOPLIST_FILE = YES;
				INFOPLIST_KEY_UIApplicationSceneManifest_Generation = YES;
				INFOPLIST_KEY_UIApplicationSupportsIndirectInputEvents = YES;
				INFOPLIST_KEY_UILaunchScreen_Generation = YES;
				INFOPLIST_KEY_UISupportedInterfaceOrientations_iPad = "UIInterfaceOrientationPortrait UIInterfaceOrientationPortraitUpsideDown UIInterfaceOrientationLandscapeLeft UIInterfaceOrientationLandscapeRight";
				INFOPLIST_KEY_UISupportedInterfaceOrientations_iPhone = "UIInterfaceOrientationPortrait UIInterfaceOrientationLandscapeLeft UIInterfaceOrientationLandscapeRight";
				IPHONEOS_DEPLOYMENT_TARGET = 15.2;
				LD_RUNPATH_SEARCH_PATHS = (
					"$(inherited)",
					"@executable_path/Frameworks",
				);
				MARKETING_VERSION = 1.0;
				PRODUCT_BUNDLE_IDENTIFIER = "com.example.swift-ui-tutorial";
				PRODUCT_NAME = "swift-ui-tutorial";
				SDKROOT = iphoneos;
				SWIFT_EMIT_LOC_STRINGS = YES;
				SWIFT_VERSION = 5.0;
				TARGETED_DEVICE_FAMILY = "1,2";
			};
			name = Debug;
		};
		2C189E5727C76AE300CBC10C /* Release */ = {
			isa = XCBuildConfiguration;
			buildSettings = {
				ASSETCATALOG_COMPILER_APPICON_NAME = AppIcon;
				ASSETCATALOG_COMPILER_GLOBAL_ACCENT_COLOR_NAME = AccentColor;
				CODE_SIGN_STYLE = Automatic;
				CURRENT_PROJECT_VERSION = 1;
				ENABLE_PREVIEWS = YES;
				GENERATE_INFOPLIST_FILE = YES;
				INFOPLIST_KEY_UIApplicationSceneManifest_Generation = YES;
				INFOPLIST_KEY_UIApplicationSupportsIndirectInputEvents = YES;
				INFOPLIST_KEY_UILaunchScreen_Generation = YES;
				INFOPLIST_KEY_UISupportedInterfaceOrientations_iPad = "UIInterfaceOrientationPortrait UIInterfaceOrientationPortraitUpsideDown UIInterfaceOrientationLandscapeLeft UIInterfaceOrientationLandscapeRight";
				INFOPLIST_KEY_UISupportedInterfaceOrientations_iPhone = "UIInterfaceOrientationPortrait UIInterfaceOrientationLandscapeLeft UIInterfaceOrientationLandscapeRight";
				IPHONEOS_DEPLOYMENT_TARGET = 15.2;
				LD_RUNPATH_SEARCH_PATHS = (
					"$(inherited)",
					"@executable_path/Frameworks",
				);
				MARKETING_VERSION = 1.0;
				PRODUCT_BUNDLE_IDENTIFIER = "com.example.swift-ui-tutorial";
				PRODUCT_NAME = "swift-ui-tutorial";
				SDKROOT = iphoneos;
				SWIFT_EMIT_LOC_STRINGS = YES;
				SWIFT_VERSION = 5.0;
				TARGETED_DEVICE_FAMILY = "1,2";
				VALIDATE_PRODUCT = YES;
			};
			name = Release;
		};
		2C189E5927C76AE300CBC10C /* Debug */ = {
			isa = XCBuildConfiguration;
			buildSettings = {
				ASSETCATALOG_COMPILER_APPICON_NAME = AppIcon;
				ASSETCATALOG_COMPILER_GLOBAL_ACCENT_COLOR_NAME = AccentColor;
				CODE_SIGN_ENTITLEMENTS = macOS/macOS.entitlements;
				CODE_SIGN_STYLE = Automatic;
				COMBINE_HIDPI_IMAGES = YES;
				CURRENT_PROJECT_VERSION = 1;
				ENABLE_PREVIEWS = YES;
				GENERATE_INFOPLIST_FILE = YES;
				INFOPLIST_KEY_NSHumanReadableCopyright = "";
				LD_RUNPATH_SEARCH_PATHS = (
					"$(inherited)",
					"@executable_path/../Frameworks",
				);
				MACOSX_DEPLOYMENT_TARGET = 11.6;
				MARKETING_VERSION = 1.0;
				PRODUCT_BUNDLE_IDENTIFIER = "com.example.swift-ui-tutorial";
				PRODUCT_NAME = "swift-ui-tutorial";
				SDKROOT = macosx;
				SWIFT_EMIT_LOC_STRINGS = YES;
				SWIFT_VERSION = 5.0;
			};
			name = Debug;
		};
		2C189E5A27C76AE300CBC10C /* Release */ = {
			isa = XCBuildConfiguration;
			buildSettings = {
				ASSETCATALOG_COMPILER_APPICON_NAME = AppIcon;
				ASSETCATALOG_COMPILER_GLOBAL_ACCENT_COLOR_NAME = AccentColor;
				CODE_SIGN_ENTITLEMENTS = macOS/macOS.entitlements;
				CODE_SIGN_STYLE = Automatic;
				COMBINE_HIDPI_IMAGES = YES;
				CURRENT_PROJECT_VERSION = 1;
				ENABLE_PREVIEWS = YES;
				GENERATE_INFOPLIST_FILE = YES;
				INFOPLIST_KEY_NSHumanReadableCopyright = "";
				LD_RUNPATH_SEARCH_PATHS = (
					"$(inherited)",
					"@executable_path/../Frameworks",
				);
				MACOSX_DEPLOYMENT_TARGET = 11.6;
				MARKETING_VERSION = 1.0;
				PRODUCT_BUNDLE_IDENTIFIER = "com.example.swift-ui-tutorial";
				PRODUCT_NAME = "swift-ui-tutorial";
				SDKROOT = macosx;
				SWIFT_EMIT_LOC_STRINGS = YES;
				SWIFT_VERSION = 5.0;
			};
			name = Release;
		};
/* End XCBuildConfiguration section */

/* Begin XCConfigurationList section */
		2C189E3B27C76AE100CBC10C /* Build configuration list for PBXProject "swift-ui-tutorial" */ = {
			isa = XCConfigurationList;
			buildConfigurations = (
				2C189E5327C76AE300CBC10C /* Debug */,
				2C189E5427C76AE300CBC10C /* Release */,
			);
			defaultConfigurationIsVisible = 0;
			defaultConfigurationName = Release;
		};
		2C189E5527C76AE300CBC10C /* Build configuration list for PBXNativeTarget "swift-ui-tutorial (iOS)" */ = {
			isa = XCConfigurationList;
			buildConfigurations = (
				2C189E5627C76AE300CBC10C /* Debug */,
				2C189E5727C76AE300CBC10C /* Release */,
			);
			defaultConfigurationIsVisible = 0;
			defaultConfigurationName = Release;
		};
		2C189E5827C76AE300CBC10C /* Build configuration list for PBXNativeTarget "swift-ui-tutorial (macOS)" */ = {
			isa = XCConfigurationList;
			buildConfigurations = (
				2C189E5927C76AE300CBC10C /* Debug */,
				2C189E5A27C76AE300CBC10C /* Release */,
			);
			defaultConfigurationIsVisible = 0;
			defaultConfigurationName = Release;
		};
/* End XCConfigurationList section */
	};
	rootObject = 2C189E3827C76AE100CBC10C /* Project object */;
}
